
Microsoft Visual Studio Solution File, Format Version 12.00
# Visual Studio Version 16
VisualStudioVersion = 16.0.31410.357
MinimumVisualStudioVersion = 10.0.40219.1
Project("{9A19103F-16F7-4668-BE54-9A1E7A4F7556}") = "BlazorHostedIdentity.Server", "Server\BlazorHostedIdentity.Server.csproj", "{CE3D850C-72CB-4761-865F-689B620683A0}"
EndProject
Project("{9A19103F-16F7-4668-BE54-9A1E7A4F7556}") = "BlazorHostedIdentity.Client", "Client\BlazorHostedIdentity.Client.csproj", "{8FF039DC-1269-4CAE-A0C4-AB9F267785A4}"
EndProject
Project("{9A19103F-16F7-4668-BE54-9A1E7A4F7556}") = "BlazorHostedIdentity.Shared", "Shared\BlazorHostedIdentity.Shared.csproj", "{55442647-49AE-4DB6-B6A0-6A830D22B4B8}"
EndProject
Project("{2150E333-8FDC-42A3-9474-1A3956D46DE8}") = "Solution Items", "Solution Items", "{19C42F53-3E5B-4609-9E21-30EBAEEB42F5}"
	ProjectSection(SolutionItems) = preProject
		.editorconfig = .editorconfig
	EndProjectSection
EndProject
Project("{FAE04EC0-301F-11D3-BF4B-00C04F79EFBC}") = "BlazorHostedIdentity.Common", "BlazorHostedIdentity.Common\BlazorHostedIdentity.Common.csproj", "{3F968913-18B6-4A2E-B0C6-125792CE5DF2}"
EndProject
Global
	GlobalSection(SolutionConfigurationPlatforms) = preSolution
		Debug|Any CPU = Debug|Any CPU
		Release|Any CPU = Release|Any CPU
	EndGlobalSection
	GlobalSection(ProjectConfigurationPlatforms) = postSolution
		{CE3D850C-72CB-4761-865F-689B620683A0}.Debug|Any CPU.ActiveCfg = Debug|Any CPU
		{CE3D850C-72CB-4761-865F-689B620683A0}.Debug|Any CPU.Build.0 = Debug|Any CPU
		{CE3D850C-72CB-4761-865F-689B620683A0}.Release|Any CPU.ActiveCfg = Release|Any CPU
		{CE3D850C-72CB-4761-865F-689B620683A0}.Release|Any CPU.Build.0 = Release|Any CPU
		{8FF039DC-1269-4CAE-A0C4-AB9F267785A4}.Debug|Any CPU.ActiveCfg = Debug|Any CPU
		{8FF039DC-1269-4CAE-A0C4-AB9F267785A4}.Debug|Any CPU.Build.0 = Debug|Any CPU
		{8FF039DC-1269-4CAE-A0C4-AB9F267785A4}.Release|Any CPU.ActiveCfg = Release|Any CPU
		{8FF039DC-1269-4CAE-A0C4-AB9F267785A4}.Release|Any CPU.Build.0 = Release|Any CPU
		{55442647-49AE-4DB6-B6A0-6A830D22B4B8}.Debug|Any CPU.ActiveCfg = Debug|Any CPU
		{55442647-49AE-4DB6-B6A0-6A830D22B4B8}.Debug|Any CPU.Build.0 = Debug|Any CPU
		{55442647-49AE-4DB6-B6A0-6A830D22B4B8}.Release|Any CPU.ActiveCfg = Release|Any CPU
		{55442647-49AE-4DB6-B6A0-6A830D22B4B8}.Release|Any CPU.Build.0 = Release|Any CPU
		{3F968913-18B6-4A2E-B0C6-125792CE5DF2}.Debug|Any CPU.ActiveCfg = Debug|Any CPU
		{3F968913-18B6-4A2E-B0C6-125792CE5DF2}.Debug|Any CPU.Build.0 = Debug|Any CPU
		{3F968913-18B6-4A2E-B0C6-125792CE5DF2}.Release|Any CPU.ActiveCfg = Release|Any CPU
		{3F968913-18B6-4A2E-B0C6-125792CE5DF2}.Release|Any CPU.Build.0 = Release|Any CPU
	EndGlobalSection
	GlobalSection(SolutionProperties) = preSolution
		HideSolutionNode = FALSE
	EndGlobalSection
	GlobalSection(ExtensibilityGlobals) = postSolution
		SolutionGuid = {289AE0E4-32CA-40E4-8C0E-64EBAD90E3BF}
	EndGlobalSection
EndGlobal
